
Microsoft Visual Studio Solution File, Format Version 12.00
# Visual Studio Version 16
VisualStudioVersion = 16.0.31005.135
MinimumVisualStudioVersion = 10.0.40219.1
Project("{FAE04EC0-301F-11D3-BF4B-00C04F79EFBC}") = "WindowsFormsApp8.1", "WindowsFormsApp8.1\WindowsFormsApp8.1.csproj", "{90AB87FA-A810-45A4-864B-27CC13F164C8}"
EndProject
Project("{FAE04EC0-301F-11D3-BF4B-00C04F79EFBC}") = "ClassLibrary", "ClassLibrary\ClassLibrary.csproj", "{0672AC35-709E-46E1-81D9-D2E0FE770151}"
EndProject
Global
	GlobalSection(SolutionConfigurationPlatforms) = preSolution
		Debug|Any CPU = Debug|Any CPU
		Release|Any CPU = Release|Any CPU
	EndGlobalSection
	GlobalSection(ProjectConfigurationPlatforms) = postSolution
		{90AB87FA-A810-45A4-864B-27CC13F164C8}.Debug|Any CPU.ActiveCfg = Debug|Any CPU
		{90AB87FA-A810-45A4-864B-27CC13F164C8}.Debug|Any CPU.Build.0 = Debug|Any CPU
		{90AB87FA-A810-45A4-864B-27CC13F164C8}.Release|Any CPU.ActiveCfg = Release|Any CPU
		{90AB87FA-A810-45A4-864B-27CC13F164C8}.Release|Any CPU.Build.0 = Release|Any CPU
		{0672AC35-709E-46E1-81D9-D2E0FE770151}.Debug|Any CPU.ActiveCfg = Debug|Any CPU
		{0672AC35-709E-46E1-81D9-D2E0FE770151}.Debug|Any CPU.Build.0 = Debug|Any CPU
		{0672AC35-709E-46E1-81D9-D2E0FE770151}.Release|Any CPU.ActiveCfg = Release|Any CPU
		{0672AC35-709E-46E1-81D9-D2E0FE770151}.Release|Any CPU.Build.0 = Release|Any CPU
	EndGlobalSection
	GlobalSection(SolutionProperties) = preSolution
		HideSolutionNode = FALSE
	EndGlobalSection
	GlobalSection(ExtensibilityGlobals) = postSolution
		SolutionGuid = {B22A8A1B-53D7-4335-9312-2CDE2E1D91F9}
	EndGlobalSection
EndGlobal
