
Microsoft Visual Studio Solution File, Format Version 12.00
# Visual Studio Version 16
VisualStudioVersion = 16.0.30907.101
MinimumVisualStudioVersion = 10.0.40219.1
Project("{FAE04EC0-301F-11D3-BF4B-00C04F79EFBC}") = "RegexDemo", "RegexDemo\RegexDemo.csproj", "{926A2942-8578-473F-91FC-281828F99B90}"
EndProject
Global
	GlobalSection(SolutionConfigurationPlatforms) = preSolution
		Debug|Any CPU = Debug|Any CPU
		Release|Any CPU = Release|Any CPU
	EndGlobalSection
	GlobalSection(ProjectConfigurationPlatforms) = postSolution
		{926A2942-8578-473F-91FC-281828F99B90}.Debug|Any CPU.ActiveCfg = Debug|Any CPU
		{926A2942-8578-473F-91FC-281828F99B90}.Debug|Any CPU.Build.0 = Debug|Any CPU
		{926A2942-8578-473F-91FC-281828F99B90}.Release|Any CPU.ActiveCfg = Release|Any CPU
		{926A2942-8578-473F-91FC-281828F99B90}.Release|Any CPU.Build.0 = Release|Any CPU
	EndGlobalSection
	GlobalSection(SolutionProperties) = preSolution
		HideSolutionNode = FALSE
	EndGlobalSection
	GlobalSection(ExtensibilityGlobals) = postSolution
		SolutionGuid = {03BF9E88-3262-4E80-B94C-7D3AE241D1C7}
	EndGlobalSection
EndGlobal
