
Microsoft Visual Studio Solution File, Format Version 12.00
# Visual Studio Version 16
VisualStudioVersion = 16.0.29509.3
MinimumVisualStudioVersion = 10.0.40219.1
Project("{FAE04EC0-301F-11D3-BF4B-00C04F79EFBC}") = "KMD4", "KMD4\KMD4.csproj", "{F5338E27-FEB1-4C42-8D82-69AB3F0AD0F6}"
EndProject
Global
	GlobalSection(SolutionConfigurationPlatforms) = preSolution
		Debug|Any CPU = Debug|Any CPU
		Release|Any CPU = Release|Any CPU
	EndGlobalSection
	GlobalSection(ProjectConfigurationPlatforms) = postSolution
		{F5338E27-FEB1-4C42-8D82-69AB3F0AD0F6}.Debug|Any CPU.ActiveCfg = Debug|Any CPU
		{F5338E27-FEB1-4C42-8D82-69AB3F0AD0F6}.Debug|Any CPU.Build.0 = Debug|Any CPU
		{F5338E27-FEB1-4C42-8D82-69AB3F0AD0F6}.Release|Any CPU.ActiveCfg = Release|Any CPU
		{F5338E27-FEB1-4C42-8D82-69AB3F0AD0F6}.Release|Any CPU.Build.0 = Release|Any CPU
	EndGlobalSection
	GlobalSection(SolutionProperties) = preSolution
		HideSolutionNode = FALSE
	EndGlobalSection
	GlobalSection(ExtensibilityGlobals) = postSolution
		SolutionGuid = {1551BA45-022B-4B8E-8729-69F304BCE907}
	EndGlobalSection
EndGlobal
