
Microsoft Visual Studio Solution File, Format Version 12.00
# Visual Studio Version 16
VisualStudioVersion = 16.0.31005.135
MinimumVisualStudioVersion = 10.0.40219.1
Project("{FAE04EC0-301F-11D3-BF4B-00C04F79EFBC}") = "ConsoleApp11", "ConsoleApp11\ConsoleApp11.csproj", "{EA295E65-181A-43B8-B86C-89C2F00514CB}"
EndProject
Global
	GlobalSection(SolutionConfigurationPlatforms) = preSolution
		Debug|Any CPU = Debug|Any CPU
		Release|Any CPU = Release|Any CPU
	EndGlobalSection
	GlobalSection(ProjectConfigurationPlatforms) = postSolution
		{EA295E65-181A-43B8-B86C-89C2F00514CB}.Debug|Any CPU.ActiveCfg = Debug|Any CPU
		{EA295E65-181A-43B8-B86C-89C2F00514CB}.Debug|Any CPU.Build.0 = Debug|Any CPU
		{EA295E65-181A-43B8-B86C-89C2F00514CB}.Release|Any CPU.ActiveCfg = Release|Any CPU
		{EA295E65-181A-43B8-B86C-89C2F00514CB}.Release|Any CPU.Build.0 = Release|Any CPU
	EndGlobalSection
	GlobalSection(SolutionProperties) = preSolution
		HideSolutionNode = FALSE
	EndGlobalSection
	GlobalSection(ExtensibilityGlobals) = postSolution
		SolutionGuid = {1E577EFC-38C9-4A9D-A2E9-1ECF9A1E7FF5}
	EndGlobalSection
EndGlobal
